// !$*UTF8*$!
{
	archiveVersion = 1;
	classes = {
	};
	objectVersion = 56;
	objects = {

/* Begin PBXBuildFile section */
		B003AB802BD1CBEF0016D428 /* ValidatingMessage.swift in Sources */ = {isa = PBXBuildFile; fileRef = B003AB7F2BD1CBEF0016D428 /* ValidatingMessage.swift */; };
		B003AB822BD1D4360016D428 /* ValidatingButton.swift in Sources */ = {isa = PBXBuildFile; fileRef = B003AB812BD1D4360016D428 /* ValidatingButton.swift */; };
		B004B73E2C160C1A005EF4DC /* SignInViewModel.swift in Sources */ = {isa = PBXBuildFile; fileRef = B004B73D2C160C1A005EF4DC /* SignInViewModel.swift */; };
		B004B7402C162F2D005EF4DC /* ForgotViewModel.swift in Sources */ = {isa = PBXBuildFile; fileRef = B004B73F2C162F2D005EF4DC /* ForgotViewModel.swift */; };
		B004B7422C162F41005EF4DC /* HomeViewModel.swift in Sources */ = {isa = PBXBuildFile; fileRef = B004B7412C162F41005EF4DC /* HomeViewModel.swift */; };
		B00785402C0CF9FB00F9ED23 /* GroupStyle.swift in Sources */ = {isa = PBXBuildFile; fileRef = B007853F2C0CF9FB00F9ED23 /* GroupStyle.swift */; };
		B00785422C0D592F00F9ED23 /* TextFieldStyle.swift in Sources */ = {isa = PBXBuildFile; fileRef = B00785412C0D592F00F9ED23 /* TextFieldStyle.swift */; };
		B00785442C0D5A5E00F9ED23 /* ValidatingField.swift in Sources */ = {isa = PBXBuildFile; fileRef = B00785432C0D5A5E00F9ED23 /* ValidatingField.swift */; };
		B00C6BB92C115476008EFF1E /* UserModel.swift in Sources */ = {isa = PBXBuildFile; fileRef = B00C6BB82C115476008EFF1E /* UserModel.swift */; };
		B00C6BBB2C115535008EFF1E /* SignUpType.swift in Sources */ = {isa = PBXBuildFile; fileRef = B00C6BBA2C115535008EFF1E /* SignUpType.swift */; };
		B00C6BBD2C116324008EFF1E /* FirebaseServiceProtocol.swift in Sources */ = {isa = PBXBuildFile; fileRef = B00C6BBC2C116324008EFF1E /* FirebaseServiceProtocol.swift */; };
		B00C6BBF2C1163AB008EFF1E /* FirebaseAuth in Frameworks */ = {isa = PBXBuildFile; productRef = B00C6BBE2C1163AB008EFF1E /* FirebaseAuth */; };
		B00C6BC12C11659A008EFF1E /* DataProtocol.swift in Sources */ = {isa = PBXBuildFile; fileRef = B00C6BC02C11659A008EFF1E /* DataProtocol.swift */; };
		B00C6BC32C11660B008EFF1E /* DataUserProtocol.swift in Sources */ = {isa = PBXBuildFile; fileRef = B00C6BC22C11660B008EFF1E /* DataUserProtocol.swift */; };
		B02822F82BFF9D430040CEE2 /* FirebaseAnalytics in Frameworks */ = {isa = PBXBuildFile; productRef = B02822F72BFF9D430040CEE2 /* FirebaseAnalytics */; };
		B02822FA2BFF9D430040CEE2 /* FirebaseCrashlytics in Frameworks */ = {isa = PBXBuildFile; productRef = B02822F92BFF9D430040CEE2 /* FirebaseCrashlytics */; };
		B02822FC2BFFEC960040CEE2 /* BackgroundHome.swift in Sources */ = {isa = PBXBuildFile; fileRef = B02822FB2BFFEC960040CEE2 /* BackgroundHome.swift */; };
		B04711512BD040DF00269921 /* signupformApp.swift in Sources */ = {isa = PBXBuildFile; fileRef = B04711502BD040DF00269921 /* signupformApp.swift */; };
		B04711552BD040E100269921 /* Assets.xcassets in Resources */ = {isa = PBXBuildFile; fileRef = B04711542BD040E100269921 /* Assets.xcassets */; };
		B04711582BD040E100269921 /* Preview Assets.xcassets in Resources */ = {isa = PBXBuildFile; fileRef = B04711572BD040E100269921 /* Preview Assets.xcassets */; };
		B04711602BD042DD00269921 /* SignUpView.swift in Sources */ = {isa = PBXBuildFile; fileRef = B047115F2BD042DD00269921 /* SignUpView.swift */; };
		B047116C2BD04B9000269921 /* AppDelegate.swift in Sources */ = {isa = PBXBuildFile; fileRef = B047116B2BD04B9000269921 /* AppDelegate.swift */; };
		B04711722BD05D5000269921 /* AnalyticsService.swift in Sources */ = {isa = PBXBuildFile; fileRef = B04711712BD05D5000269921 /* AnalyticsService.swift */; };
		B04711742BD05D6500269921 /* CrashlyticsService.swift in Sources */ = {isa = PBXBuildFile; fileRef = B04711732BD05D6500269921 /* CrashlyticsService.swift */; };
		B04711772BD06E6000269921 /* Validations.swift in Sources */ = {isa = PBXBuildFile; fileRef = B04711762BD06E6000269921 /* Validations.swift */; };
		B047117A2BD0754C00269921 /* SignUpViewModel.swift in Sources */ = {isa = PBXBuildFile; fileRef = B04711792BD0754C00269921 /* SignUpViewModel.swift */; };
		B05351C72BFD1A4100439896 /* SignInView.swift in Sources */ = {isa = PBXBuildFile; fileRef = B05351C62BFD1A4100439896 /* SignInView.swift */; };
		B05351E42BFD2B0D00439896 /* LandingView.swift in Sources */ = {isa = PBXBuildFile; fileRef = B05351E32BFD2B0D00439896 /* LandingView.swift */; };
		B0B0850A2C1363CA00FBCE3D /* AuthService.swift in Sources */ = {isa = PBXBuildFile; fileRef = B0B085092C1363CA00FBCE3D /* AuthService.swift */; };
		B0B0850C2C1364E900FBCE3D /* DataServiceError.swift in Sources */ = {isa = PBXBuildFile; fileRef = B0B0850B2C1364E900FBCE3D /* DataServiceError.swift */; };
		B0B0850E2C1365E600FBCE3D /* FirestoreCollections.swift in Sources */ = {isa = PBXBuildFile; fileRef = B0B0850D2C1365E600FBCE3D /* FirestoreCollections.swift */; };
		B0B085102C13665B00FBCE3D /* FirebaseServiceError.swift in Sources */ = {isa = PBXBuildFile; fileRef = B0B0850F2C13665B00FBCE3D /* FirebaseServiceError.swift */; };
		B0B085122C13AA1900FBCE3D /* DataService.swift in Sources */ = {isa = PBXBuildFile; fileRef = B0B085112C13AA1900FBCE3D /* DataService.swift */; };
		B0B085152C13AD9200FBCE3D /* UserRepository.swift in Sources */ = {isa = PBXBuildFile; fileRef = B0B085142C13AD9200FBCE3D /* UserRepository.swift */; };
		B0B085172C13BA7400FBCE3D /* AuthRepository.swift in Sources */ = {isa = PBXBuildFile; fileRef = B0B085162C13BA7400FBCE3D /* AuthRepository.swift */; };
		B0B085192C13BAF300FBCE3D /* FirestoreService.swift in Sources */ = {isa = PBXBuildFile; fileRef = B0B085182C13BAF300FBCE3D /* FirestoreService.swift */; };
		B0B0851B2C13D8B500FBCE3D /* LandingViewModel.swift in Sources */ = {isa = PBXBuildFile; fileRef = B0B0851A2C13D8B500FBCE3D /* LandingViewModel.swift */; };
		B0B0851D2C13F69500FBCE3D /* Localizable.xcstrings in Resources */ = {isa = PBXBuildFile; fileRef = B0B0851C2C13F69500FBCE3D /* Localizable.xcstrings */; };
		B0B0851F2C14023900FBCE3D /* FirebaseFirestore in Frameworks */ = {isa = PBXBuildFile; productRef = B0B0851E2C14023900FBCE3D /* FirebaseFirestore */; };
		B0C150CD2C0B761F00775065 /* Constants.swift in Sources */ = {isa = PBXBuildFile; fileRef = B0C150CC2C0B761F00775065 /* Constants.swift */; };
		B0C150CF2C0BBE6F00775065 /* TitleAndSubtitle.swift in Sources */ = {isa = PBXBuildFile; fileRef = B0C150CE2C0BBE6E00775065 /* TitleAndSubtitle.swift */; };
		B0C150D12C0BBF7700775065 /* TextStyle.swift in Sources */ = {isa = PBXBuildFile; fileRef = B0C150D02C0BBF7700775065 /* TextStyle.swift */; };
		B0C150D42C0BD9B500775065 /* HaveAccount.swift in Sources */ = {isa = PBXBuildFile; fileRef = B0C150D32C0BD9B500775065 /* HaveAccount.swift */; };
		B0C150D62C0BD9D200775065 /* SocialMediaAccess.swift in Sources */ = {isa = PBXBuildFile; fileRef = B0C150D52C0BD9D200775065 /* SocialMediaAccess.swift */; };
		B0C150D82C0BDC3F00775065 /* ShapeStyles.swift in Sources */ = {isa = PBXBuildFile; fileRef = B0C150D72C0BDC3F00775065 /* ShapeStyles.swift */; };
		B0EEE1C82BD08FA900F44473 /* BackgroudSign.swift in Sources */ = {isa = PBXBuildFile; fileRef = B0EEE1C72BD08FA900F44473 /* BackgroudSign.swift */; };
		B0EEE1CD2BD09C7600F44473 /* ButtonStyle.swift in Sources */ = {isa = PBXBuildFile; fileRef = B0EEE1CC2BD09C7600F44473 /* ButtonStyle.swift */; };
		B0F9901E2C0C3A4100C15C25 /* CloseButton.swift in Sources */ = {isa = PBXBuildFile; fileRef = B0F9901D2C0C3A4100C15C25 /* CloseButton.swift */; };
		B0F990202C0C495800C15C25 /* ActivityIndicator.swift in Sources */ = {isa = PBXBuildFile; fileRef = B0F9901F2C0C495800C15C25 /* ActivityIndicator.swift */; };
/* End PBXBuildFile section */

/* Begin PBXFileReference section */
		B003AB7F2BD1CBEF0016D428 /* ValidatingMessage.swift */ = {isa = PBXFileReference; lastKnownFileType = sourcecode.swift; path = ValidatingMessage.swift; sourceTree = "<group>"; };
		B003AB812BD1D4360016D428 /* ValidatingButton.swift */ = {isa = PBXFileReference; lastKnownFileType = sourcecode.swift; path = ValidatingButton.swift; sourceTree = "<group>"; };
		B004B73D2C160C1A005EF4DC /* SignInViewModel.swift */ = {isa = PBXFileReference; lastKnownFileType = sourcecode.swift; path = SignInViewModel.swift; sourceTree = "<group>"; };
		B004B73F2C162F2D005EF4DC /* ForgotViewModel.swift */ = {isa = PBXFileReference; lastKnownFileType = sourcecode.swift; path = ForgotViewModel.swift; sourceTree = "<group>"; };
		B004B7412C162F41005EF4DC /* HomeViewModel.swift */ = {isa = PBXFileReference; lastKnownFileType = sourcecode.swift; path = HomeViewModel.swift; sourceTree = "<group>"; };
		B007853F2C0CF9FB00F9ED23 /* GroupStyle.swift */ = {isa = PBXFileReference; lastKnownFileType = sourcecode.swift; path = GroupStyle.swift; sourceTree = "<group>"; };
		B00785412C0D592F00F9ED23 /* TextFieldStyle.swift */ = {isa = PBXFileReference; lastKnownFileType = sourcecode.swift; path = TextFieldStyle.swift; sourceTree = "<group>"; };
		B00785432C0D5A5E00F9ED23 /* ValidatingField.swift */ = {isa = PBXFileReference; lastKnownFileType = sourcecode.swift; path = ValidatingField.swift; sourceTree = "<group>"; };
		B00C6BB82C115476008EFF1E /* UserModel.swift */ = {isa = PBXFileReference; lastKnownFileType = sourcecode.swift; path = UserModel.swift; sourceTree = "<group>"; };
		B00C6BBA2C115535008EFF1E /* SignUpType.swift */ = {isa = PBXFileReference; lastKnownFileType = sourcecode.swift; path = SignUpType.swift; sourceTree = "<group>"; };
		B00C6BBC2C116324008EFF1E /* FirebaseServiceProtocol.swift */ = {isa = PBXFileReference; lastKnownFileType = sourcecode.swift; name = FirebaseServiceProtocol.swift; path = signupform/Protocol/Protocols/FirebaseServiceProtocol.swift; sourceTree = SOURCE_ROOT; };
		B00C6BC02C11659A008EFF1E /* DataProtocol.swift */ = {isa = PBXFileReference; lastKnownFileType = sourcecode.swift; name = DataProtocol.swift; path = signupform/Protocol/Protocols/DataProtocol.swift; sourceTree = SOURCE_ROOT; };
		B00C6BC22C11660B008EFF1E /* DataUserProtocol.swift */ = {isa = PBXFileReference; lastKnownFileType = sourcecode.swift; name = DataUserProtocol.swift; path = signupform/Protocol/Protocols/DataUserProtocol.swift; sourceTree = SOURCE_ROOT; };
		B02822FB2BFFEC960040CEE2 /* BackgroundHome.swift */ = {isa = PBXFileReference; lastKnownFileType = sourcecode.swift; path = BackgroundHome.swift; sourceTree = "<group>"; };
		B047114D2BD040DF00269921 /* signupform.app */ = {isa = PBXFileReference; explicitFileType = wrapper.application; includeInIndex = 0; path = signupform.app; sourceTree = BUILT_PRODUCTS_DIR; };
		B04711502BD040DF00269921 /* signupformApp.swift */ = {isa = PBXFileReference; lastKnownFileType = sourcecode.swift; path = signupformApp.swift; sourceTree = "<group>"; };
		B04711542BD040E100269921 /* Assets.xcassets */ = {isa = PBXFileReference; lastKnownFileType = folder.assetcatalog; path = Assets.xcassets; sourceTree = "<group>"; };
		B04711572BD040E100269921 /* Preview Assets.xcassets */ = {isa = PBXFileReference; lastKnownFileType = folder.assetcatalog; path = "Preview Assets.xcassets"; sourceTree = "<group>"; };
		B047115F2BD042DD00269921 /* SignUpView.swift */ = {isa = PBXFileReference; lastKnownFileType = sourcecode.swift; path = SignUpView.swift; sourceTree = "<group>"; };
		B047116B2BD04B9000269921 /* AppDelegate.swift */ = {isa = PBXFileReference; lastKnownFileType = sourcecode.swift; path = AppDelegate.swift; sourceTree = "<group>"; };
		B047116E2BD04DE300269921 /* GoogleService-Info.plist */ = {isa = PBXFileReference; lastKnownFileType = text.plist.xml; path = "GoogleService-Info.plist"; sourceTree = "<group>"; };
		B047116F2BD04E7D00269921 /* GoogleService-Info.plist */ = {isa = PBXFileReference; lastKnownFileType = text.plist.xml; path = "GoogleService-Info.plist"; sourceTree = "<group>"; };
		B04711712BD05D5000269921 /* AnalyticsService.swift */ = {isa = PBXFileReference; lastKnownFileType = sourcecode.swift; path = AnalyticsService.swift; sourceTree = "<group>"; };
		B04711732BD05D6500269921 /* CrashlyticsService.swift */ = {isa = PBXFileReference; lastKnownFileType = sourcecode.swift; path = CrashlyticsService.swift; sourceTree = "<group>"; };
		B04711762BD06E6000269921 /* Validations.swift */ = {isa = PBXFileReference; lastKnownFileType = sourcecode.swift; path = Validations.swift; sourceTree = "<group>"; };
		B04711792BD0754C00269921 /* SignUpViewModel.swift */ = {isa = PBXFileReference; lastKnownFileType = sourcecode.swift; path = SignUpViewModel.swift; sourceTree = "<group>"; };
		B05351C62BFD1A4100439896 /* SignInView.swift */ = {isa = PBXFileReference; lastKnownFileType = sourcecode.swift; path = SignInView.swift; sourceTree = "<group>"; };
		B05351E32BFD2B0D00439896 /* LandingView.swift */ = {isa = PBXFileReference; lastKnownFileType = sourcecode.swift; path = LandingView.swift; sourceTree = "<group>"; };
		B0B085092C1363CA00FBCE3D /* AuthService.swift */ = {isa = PBXFileReference; lastKnownFileType = sourcecode.swift; path = AuthService.swift; sourceTree = "<group>"; };
		B0B0850B2C1364E900FBCE3D /* DataServiceError.swift */ = {isa = PBXFileReference; lastKnownFileType = sourcecode.swift; path = DataServiceError.swift; sourceTree = "<group>"; };
		B0B0850D2C1365E600FBCE3D /* FirestoreCollections.swift */ = {isa = PBXFileReference; lastKnownFileType = sourcecode.swift; path = FirestoreCollections.swift; sourceTree = "<group>"; };
		B0B0850F2C13665B00FBCE3D /* FirebaseServiceError.swift */ = {isa = PBXFileReference; lastKnownFileType = sourcecode.swift; path = FirebaseServiceError.swift; sourceTree = "<group>"; };
		B0B085112C13AA1900FBCE3D /* DataService.swift */ = {isa = PBXFileReference; lastKnownFileType = sourcecode.swift; path = DataService.swift; sourceTree = "<group>"; };
		B0B085142C13AD9200FBCE3D /* UserRepository.swift */ = {isa = PBXFileReference; lastKnownFileType = sourcecode.swift; path = UserRepository.swift; sourceTree = "<group>"; };
		B0B085162C13BA7400FBCE3D /* AuthRepository.swift */ = {isa = PBXFileReference; lastKnownFileType = sourcecode.swift; path = AuthRepository.swift; sourceTree = "<group>"; };
		B0B085182C13BAF300FBCE3D /* FirestoreService.swift */ = {isa = PBXFileReference; lastKnownFileType = sourcecode.swift; path = FirestoreService.swift; sourceTree = "<group>"; };
		B0B0851A2C13D8B500FBCE3D /* LandingViewModel.swift */ = {isa = PBXFileReference; lastKnownFileType = sourcecode.swift; path = LandingViewModel.swift; sourceTree = "<group>"; };
		B0B0851C2C13F69500FBCE3D /* Localizable.xcstrings */ = {isa = PBXFileReference; lastKnownFileType = text.json.xcstrings; path = Localizable.xcstrings; sourceTree = "<group>"; };
		B0C150CC2C0B761F00775065 /* Constants.swift */ = {isa = PBXFileReference; lastKnownFileType = sourcecode.swift; path = Constants.swift; sourceTree = "<group>"; };
		B0C150CE2C0BBE6E00775065 /* TitleAndSubtitle.swift */ = {isa = PBXFileReference; lastKnownFileType = sourcecode.swift; path = TitleAndSubtitle.swift; sourceTree = "<group>"; };
		B0C150D02C0BBF7700775065 /* TextStyle.swift */ = {isa = PBXFileReference; lastKnownFileType = sourcecode.swift; path = TextStyle.swift; sourceTree = "<group>"; };
		B0C150D32C0BD9B500775065 /* HaveAccount.swift */ = {isa = PBXFileReference; lastKnownFileType = sourcecode.swift; path = HaveAccount.swift; sourceTree = "<group>"; };
		B0C150D52C0BD9D200775065 /* SocialMediaAccess.swift */ = {isa = PBXFileReference; lastKnownFileType = sourcecode.swift; path = SocialMediaAccess.swift; sourceTree = "<group>"; };
		B0C150D72C0BDC3F00775065 /* ShapeStyles.swift */ = {isa = PBXFileReference; lastKnownFileType = sourcecode.swift; path = ShapeStyles.swift; sourceTree = "<group>"; };
		B0EEE1C72BD08FA900F44473 /* BackgroudSign.swift */ = {isa = PBXFileReference; lastKnownFileType = sourcecode.swift; path = BackgroudSign.swift; sourceTree = "<group>"; };
		B0EEE1CC2BD09C7600F44473 /* ButtonStyle.swift */ = {isa = PBXFileReference; lastKnownFileType = sourcecode.swift; path = ButtonStyle.swift; sourceTree = "<group>"; };
		B0F9901D2C0C3A4100C15C25 /* CloseButton.swift */ = {isa = PBXFileReference; lastKnownFileType = sourcecode.swift; path = CloseButton.swift; sourceTree = "<group>"; };
		B0F9901F2C0C495800C15C25 /* ActivityIndicator.swift */ = {isa = PBXFileReference; lastKnownFileType = sourcecode.swift; path = ActivityIndicator.swift; sourceTree = "<group>"; };
/* End PBXFileReference section */

/* Begin PBXFrameworksBuildPhase section */
		B047114A2BD040DF00269921 /* Frameworks */ = {
			isa = PBXFrameworksBuildPhase;
			buildActionMask = 2147483647;
			files = (
				B02822F82BFF9D430040CEE2 /* FirebaseAnalytics in Frameworks */,
				B0B0851F2C14023900FBCE3D /* FirebaseFirestore in Frameworks */,
				B00C6BBF2C1163AB008EFF1E /* FirebaseAuth in Frameworks */,
				B02822FA2BFF9D430040CEE2 /* FirebaseCrashlytics in Frameworks */,
			);
			runOnlyForDeploymentPostprocessing = 0;
		};
/* End PBXFrameworksBuildPhase section */

/* Begin PBXGroup section */
		B003AB7C2BD1BA570016D428 /* UI Component  */ = {
			isa = PBXGroup;
			children = (
				B0F9901F2C0C495800C15C25 /* ActivityIndicator.swift */,
				B02822FB2BFFEC960040CEE2 /* BackgroundHome.swift */,
				B0EEE1C72BD08FA900F44473 /* BackgroudSign.swift */,
				B0F9901D2C0C3A4100C15C25 /* CloseButton.swift */,
				B0C150D32C0BD9B500775065 /* HaveAccount.swift */,
				B0C150D52C0BD9D200775065 /* SocialMediaAccess.swift */,
				B0C150CE2C0BBE6E00775065 /* TitleAndSubtitle.swift */,
				B00785432C0D5A5E00F9ED23 /* ValidatingField.swift */,
				B003AB7F2BD1CBEF0016D428 /* ValidatingMessage.swift */,
				B003AB812BD1D4360016D428 /* ValidatingButton.swift */,
			);
			name = "UI Component ";
			path = "ViewModel/UI Component ";
			sourceTree = "<group>";
		};
		B02822F12BFF9CDE0040CEE2 /* Frameworks */ = {
			isa = PBXGroup;
			children = (
			);
			name = Frameworks;
			sourceTree = "<group>";
		};
		B04711442BD040DF00269921 = {
			isa = PBXGroup;
			children = (
				B047114F2BD040DF00269921 /* signupform */,
				B047114E2BD040DF00269921 /* Products */,
				B02822F12BFF9CDE0040CEE2 /* Frameworks */,
			);
			sourceTree = "<group>";
		};
		B047114E2BD040DF00269921 /* Products */ = {
			isa = PBXGroup;
			children = (
				B047114D2BD040DF00269921 /* signupform.app */,
			);
			name = Products;
			sourceTree = "<group>";
		};
		B047114F2BD040DF00269921 /* signupform */ = {
			isa = PBXGroup;
			children = (
				B04711502BD040DF00269921 /* signupformApp.swift */,
				B047116B2BD04B9000269921 /* AppDelegate.swift */,
				B047115E2BD042C000269921 /* View */,
				B04711782BD0753700269921 /* ViewModel */,
				B05351C42BFD1A1A00439896 /* Model */,
				B0C150D22C0BD97400775065 /* Enumerations */,
				B0B085082C13638300FBCE3D /* Protocols */,
				B003AB7C2BD1BA570016D428 /* UI Component  */,
				B0C150CB2C0B75DF00775065 /* Constants */,
				B0EEE1C92BD09B2400F44473 /* Style */,
				B04711752BD06E3E00269921 /* Utilies */,
				B04711702BD05D1600269921 /* Service */,
				B0B085132C13AD6C00FBCE3D /* Repository */,
				B04711612BD04A3E00269921 /* Firebase */,
				B0B0851C2C13F69500FBCE3D /* Localizable.xcstrings */,
				B04711542BD040E100269921 /* Assets.xcassets */,
				B04711562BD040E100269921 /* Preview Content */,
			);
			path = signupform;
			sourceTree = "<group>";
		};
		B04711562BD040E100269921 /* Preview Content */ = {
			isa = PBXGroup;
			children = (
				B04711572BD040E100269921 /* Preview Assets.xcassets */,
			);
			path = "Preview Content";
			sourceTree = "<group>";
		};
		B047115E2BD042C000269921 /* View */ = {
			isa = PBXGroup;
			children = (
				B05351E32BFD2B0D00439896 /* LandingView.swift */,
				B05351C62BFD1A4100439896 /* SignInView.swift */,
				B047115F2BD042DD00269921 /* SignUpView.swift */,
			);
			path = View;
			sourceTree = "<group>";
		};
		B04711612BD04A3E00269921 /* Firebase */ = {
			isa = PBXGroup;
			children = (
				B04711672BD04AE100269921 /* Debug */,
				B04711682BD04AEB00269921 /* Release */,
			);
			path = Firebase;
			sourceTree = "<group>";
		};
		B04711672BD04AE100269921 /* Debug */ = {
			isa = PBXGroup;
			children = (
				B047116E2BD04DE300269921 /* GoogleService-Info.plist */,
			);
			path = Debug;
			sourceTree = "<group>";
		};
		B04711682BD04AEB00269921 /* Release */ = {
			isa = PBXGroup;
			children = (
				B047116F2BD04E7D00269921 /* GoogleService-Info.plist */,
			);
			path = Release;
			sourceTree = "<group>";
		};
		B04711702BD05D1600269921 /* Service */ = {
			isa = PBXGroup;
			children = (
				B0B085092C1363CA00FBCE3D /* AuthService.swift */,
				B04711712BD05D5000269921 /* AnalyticsService.swift */,
				B04711732BD05D6500269921 /* CrashlyticsService.swift */,
				B0B085112C13AA1900FBCE3D /* DataService.swift */,
				B0B085182C13BAF300FBCE3D /* FirestoreService.swift */,
			);
			path = Service;
			sourceTree = "<group>";
		};
		B04711752BD06E3E00269921 /* Utilies */ = {
			isa = PBXGroup;
			children = (
				B04711762BD06E6000269921 /* Validations.swift */,
			);
			path = Utilies;
			sourceTree = "<group>";
		};
		B04711782BD0753700269921 /* ViewModel */ = {
			isa = PBXGroup;
			children = (
				B004B73F2C162F2D005EF4DC /* ForgotViewModel.swift */,
				B004B7412C162F41005EF4DC /* HomeViewModel.swift */,
				B0B0851A2C13D8B500FBCE3D /* LandingViewModel.swift */,
				B004B73D2C160C1A005EF4DC /* SignInViewModel.swift */,
				B04711792BD0754C00269921 /* SignUpViewModel.swift */,
			);
			path = ViewModel;
			sourceTree = "<group>";
		};
		B05351C42BFD1A1A00439896 /* Model */ = {
			isa = PBXGroup;
			children = (
				B00C6BB82C115476008EFF1E /* UserModel.swift */,
			);
			path = Model;
			sourceTree = "<group>";
		};
		B0B085082C13638300FBCE3D /* Protocols */ = {
			isa = PBXGroup;
			children = (
				B00C6BC02C11659A008EFF1E /* DataProtocol.swift */,
				B00C6BC22C11660B008EFF1E /* DataUserProtocol.swift */,
				B00C6BBC2C116324008EFF1E /* FirebaseServiceProtocol.swift */,
			);
			name = Protocols;
			path = Protocol/Protocols;
			sourceTree = "<group>";
		};
		B0B085132C13AD6C00FBCE3D /* Repository */ = {
			isa = PBXGroup;
			children = (
				B0B085162C13BA7400FBCE3D /* AuthRepository.swift */,
				B0B085142C13AD9200FBCE3D /* UserRepository.swift */,
			);
			path = Repository;
			sourceTree = "<group>";
		};
		B0C150CB2C0B75DF00775065 /* Constants */ = {
			isa = PBXGroup;
			children = (
				B0C150CC2C0B761F00775065 /* Constants.swift */,
			);
			path = Constants;
			sourceTree = "<group>";
		};
		B0C150D22C0BD97400775065 /* Enumerations */ = {
			isa = PBXGroup;
			children = (
				B0B0850B2C1364E900FBCE3D /* DataServiceError.swift */,
				B0B0850D2C1365E600FBCE3D /* FirestoreCollections.swift */,
				B0B0850F2C13665B00FBCE3D /* FirebaseServiceError.swift */,
				B00C6BBA2C115535008EFF1E /* SignUpType.swift */,
			);
			name = Enumerations;
			path = Model/Enumerations;
			sourceTree = "<group>";
		};
		B0EEE1C92BD09B2400F44473 /* Style */ = {
			isa = PBXGroup;
			children = (
				B0EEE1CC2BD09C7600F44473 /* ButtonStyle.swift */,
				B007853F2C0CF9FB00F9ED23 /* GroupStyle.swift */,
				B0C150D72C0BDC3F00775065 /* ShapeStyles.swift */,
				B00785412C0D592F00F9ED23 /* TextFieldStyle.swift */,
				B0C150D02C0BBF7700775065 /* TextStyle.swift */,
			);
			path = Style;
			sourceTree = "<group>";
		};
/* End PBXGroup section */

/* Begin PBXNativeTarget section */
		B047114C2BD040DF00269921 /* signupform */ = {
			isa = PBXNativeTarget;
			buildConfigurationList = B047115B2BD040E100269921 /* Build configuration list for PBXNativeTarget "signupform" */;
			buildPhases = (
				B047116D2BD04C6200269921 /* Firebase Configuratiton */,
				B04711492BD040DF00269921 /* Sources */,
				B047114A2BD040DF00269921 /* Frameworks */,
				B047114B2BD040DF00269921 /* Resources */,
			);
			buildRules = (
			);
			dependencies = (
			);
			name = signupform;
			packageProductDependencies = (
				B02822F72BFF9D430040CEE2 /* FirebaseAnalytics */,
				B02822F92BFF9D430040CEE2 /* FirebaseCrashlytics */,
				B00C6BBE2C1163AB008EFF1E /* FirebaseAuth */,
				B0B0851E2C14023900FBCE3D /* FirebaseFirestore */,
			);
			productName = signupform;
			productReference = B047114D2BD040DF00269921 /* signupform.app */;
			productType = "com.apple.product-type.application";
		};
/* End PBXNativeTarget section */

/* Begin PBXProject section */
		B04711452BD040DF00269921 /* Project object */ = {
			isa = PBXProject;
			attributes = {
				BuildIndependentTargetsInParallel = 1;
				LastSwiftUpdateCheck = 1530;
				LastUpgradeCheck = 1530;
				TargetAttributes = {
					B047114C2BD040DF00269921 = {
						CreatedOnToolsVersion = 15.3;
					};
				};
			};
			buildConfigurationList = B04711482BD040DF00269921 /* Build configuration list for PBXProject "signupform" */;
			compatibilityVersion = "Xcode 14.0";
			developmentRegion = en;
			hasScannedForEncodings = 0;
			knownRegions = (
				en,
				Base,
				"es-419",
			);
			mainGroup = B04711442BD040DF00269921;
			packageReferences = (
				B02822F62BFF9D430040CEE2 /* XCRemoteSwiftPackageReference "firebase-ios-sdk" */,
			);
			productRefGroup = B047114E2BD040DF00269921 /* Products */;
			projectDirPath = "";
			projectRoot = "";
			targets = (
				B047114C2BD040DF00269921 /* signupform */,
			);
		};
/* End PBXProject section */

/* Begin PBXResourcesBuildPhase section */
		B047114B2BD040DF00269921 /* Resources */ = {
			isa = PBXResourcesBuildPhase;
			buildActionMask = 2147483647;
			files = (
				B04711582BD040E100269921 /* Preview Assets.xcassets in Resources */,
				B04711552BD040E100269921 /* Assets.xcassets in Resources */,
				B0B0851D2C13F69500FBCE3D /* Localizable.xcstrings in Resources */,
			);
			runOnlyForDeploymentPostprocessing = 0;
		};
/* End PBXResourcesBuildPhase section */

/* Begin PBXShellScriptBuildPhase section */
		B047116D2BD04C6200269921 /* Firebase Configuratiton */ = {
			isa = PBXShellScriptBuildPhase;
			alwaysOutOfDate = 1;
			buildActionMask = 2147483647;
			files = (
			);
			inputFileListPaths = (
			);
			inputPaths = (
			);
			name = "Firebase Configuratiton";
			outputFileListPaths = (
			);
			outputPaths = (
			);
			runOnlyForDeploymentPostprocessing = 0;
			shellPath = /bin/sh;
			shellScript = "INFO_PLIST=GoogleService-Info.plist\nDEVELOPMENT_INFO_PLIST=${PROJECT_DIR}/${TARGET_NAME}/Firebase/Debug/${INFO_PLIST}\nRELEASE_INFO_PLIST=${PROJECT_DIR}/${TARGET_NAME}/Firebase/Release/${INFO_PLIST}\n\necho \"Verifying ${INFO_PLIST} in ${DEVELOPMENT_INFO_PLIST}\"\nif [ ! -f $DEVELOPMENT_INFO_PLIST ] ; then\n    echo \"Development GoogleService-Info.plist not found.\"\n    exit 1\nfi\n\necho \"Verifying ${INFO_PLIST} in ${RELEASE_INFO_PLIST}\"\nif [ ! -f $RELEASE_INFO_PLIST ] ; then\n    echo \"Release GoogleService-Info.plist not found.\"\n    exit 1\nfi\n\nPLIST_DESTINATION=${BUILT_PRODUCTS_DIR}/${PRODUCT_NAME}.app\necho \"Copying ${INFO_PLIST} to final destination: ${PLIST_DESTINATION}\"\n\nif [ \"${CONFIGURATION}\" == \"Release\" ] ; then\n    echo \"Copied ${RELEASE_INFO_PLIST}.\"\n    cp \"${RELEASE_INFO_PLIST}\" \"${PLIST_DESTINATION}\"\nelse\n    echo \"Copied ${DEVELOPMENT_INFO_PLIST}.\"\n    cp \"${DEVELOPMENT_INFO_PLIST}\" \"${PLIST_DESTINATION}\"\nfi\n";
		};
/* End PBXShellScriptBuildPhase section */

/* Begin PBXSourcesBuildPhase section */
		B04711492BD040DF00269921 /* Sources */ = {
			isa = PBXSourcesBuildPhase;
			buildActionMask = 2147483647;
			files = (
				B00785402C0CF9FB00F9ED23 /* GroupStyle.swift in Sources */,
				B0B0850A2C1363CA00FBCE3D /* AuthService.swift in Sources */,
				B0B085152C13AD9200FBCE3D /* UserRepository.swift in Sources */,
				B047116C2BD04B9000269921 /* AppDelegate.swift in Sources */,
				B004B73E2C160C1A005EF4DC /* SignInViewModel.swift in Sources */,
				B0C150D62C0BD9D200775065 /* SocialMediaAccess.swift in Sources */,
				B00785442C0D5A5E00F9ED23 /* ValidatingField.swift in Sources */,
				B00C6BC32C11660B008EFF1E /* DataUserProtocol.swift in Sources */,
				B0B0850C2C1364E900FBCE3D /* DataServiceError.swift in Sources */,
				B0C150CD2C0B761F00775065 /* Constants.swift in Sources */,
				B0C150CF2C0BBE6F00775065 /* TitleAndSubtitle.swift in Sources */,
				B0B0851B2C13D8B500FBCE3D /* LandingViewModel.swift in Sources */,
				B0F990202C0C495800C15C25 /* ActivityIndicator.swift in Sources */,
				B0EEE1CD2BD09C7600F44473 /* ButtonStyle.swift in Sources */,
				B003AB802BD1CBEF0016D428 /* ValidatingMessage.swift in Sources */,
				B0C150D42C0BD9B500775065 /* HaveAccount.swift in Sources */,
				B00785422C0D592F00F9ED23 /* TextFieldStyle.swift in Sources */,
				B0B085192C13BAF300FBCE3D /* FirestoreService.swift in Sources */,
				B0B085172C13BA7400FBCE3D /* AuthRepository.swift in Sources */,
				B003AB822BD1D4360016D428 /* ValidatingButton.swift in Sources */,
				B04711602BD042DD00269921 /* SignUpView.swift in Sources */,
				B0B0850E2C1365E600FBCE3D /* FirestoreCollections.swift in Sources */,
				B04711722BD05D5000269921 /* AnalyticsService.swift in Sources */,
				B04711512BD040DF00269921 /* signupformApp.swift in Sources */,
				B0F9901E2C0C3A4100C15C25 /* CloseButton.swift in Sources */,
				B00C6BBD2C116324008EFF1E /* FirebaseServiceProtocol.swift in Sources */,
				B02822FC2BFFEC960040CEE2 /* BackgroundHome.swift in Sources */,
				B0EEE1C82BD08FA900F44473 /* BackgroudSign.swift in Sources */,
				B0B085102C13665B00FBCE3D /* FirebaseServiceError.swift in Sources */,
				B00C6BBB2C115535008EFF1E /* SignUpType.swift in Sources */,
				B00C6BB92C115476008EFF1E /* UserModel.swift in Sources */,
				B00C6BC12C11659A008EFF1E /* DataProtocol.swift in Sources */,
				B0C150D82C0BDC3F00775065 /* ShapeStyles.swift in Sources */,
				B05351C72BFD1A4100439896 /* SignInView.swift in Sources */,
				B0B085122C13AA1900FBCE3D /* DataService.swift in Sources */,
				B04711772BD06E6000269921 /* Validations.swift in Sources */,
				B04711742BD05D6500269921 /* CrashlyticsService.swift in Sources */,
				B004B7422C162F41005EF4DC /* HomeViewModel.swift in Sources */,
				B05351E42BFD2B0D00439896 /* LandingView.swift in Sources */,
				B0C150D12C0BBF7700775065 /* TextStyle.swift in Sources */,
				B004B7402C162F2D005EF4DC /* ForgotViewModel.swift in Sources */,
				B047117A2BD0754C00269921 /* SignUpViewModel.swift in Sources */,
			);
			runOnlyForDeploymentPostprocessing = 0;
		};
/* End PBXSourcesBuildPhase section */

/* Begin XCBuildConfiguration section */
		B04711592BD040E100269921 /* Debug */ = {
			isa = XCBuildConfiguration;
			buildSettings = {
				ALWAYS_SEARCH_USER_PATHS = NO;
				ASSETCATALOG_COMPILER_GENERATE_SWIFT_ASSET_SYMBOL_EXTENSIONS = YES;
				CLANG_ANALYZER_NONNULL = YES;
				CLANG_ANALYZER_NUMBER_OBJECT_CONVERSION = YES_AGGRESSIVE;
				CLANG_CXX_LANGUAGE_STANDARD = "gnu++20";
				CLANG_ENABLE_MODULES = YES;
				CLANG_ENABLE_OBJC_ARC = YES;
				CLANG_ENABLE_OBJC_WEAK = YES;
				CLANG_WARN_BLOCK_CAPTURE_AUTORELEASING = YES;
				CLANG_WARN_BOOL_CONVERSION = YES;
				CLANG_WARN_COMMA = YES;
				CLANG_WARN_CONSTANT_CONVERSION = YES;
				CLANG_WARN_DEPRECATED_OBJC_IMPLEMENTATIONS = YES;
				CLANG_WARN_DIRECT_OBJC_ISA_USAGE = YES_ERROR;
				CLANG_WARN_DOCUMENTATION_COMMENTS = YES;
				CLANG_WARN_EMPTY_BODY = YES;
				CLANG_WARN_ENUM_CONVERSION = YES;
				CLANG_WARN_INFINITE_RECURSION = YES;
				CLANG_WARN_INT_CONVERSION = YES;
				CLANG_WARN_NON_LITERAL_NULL_CONVERSION = YES;
				CLANG_WARN_OBJC_IMPLICIT_RETAIN_SELF = YES;
				CLANG_WARN_OBJC_LITERAL_CONVERSION = YES;
				CLANG_WARN_OBJC_ROOT_CLASS = YES_ERROR;
				CLANG_WARN_QUOTED_INCLUDE_IN_FRAMEWORK_HEADER = YES;
				CLANG_WARN_RANGE_LOOP_ANALYSIS = YES;
				CLANG_WARN_STRICT_PROTOTYPES = YES;
				CLANG_WARN_SUSPICIOUS_MOVE = YES;
				CLANG_WARN_UNGUARDED_AVAILABILITY = YES_AGGRESSIVE;
				CLANG_WARN_UNREACHABLE_CODE = YES;
				CLANG_WARN__DUPLICATE_METHOD_MATCH = YES;
				COPY_PHASE_STRIP = NO;
				DEBUG_INFORMATION_FORMAT = dwarf;
				ENABLE_STRICT_OBJC_MSGSEND = YES;
				ENABLE_TESTABILITY = YES;
				ENABLE_USER_SCRIPT_SANDBOXING = YES;
				GCC_C_LANGUAGE_STANDARD = gnu17;
				GCC_DYNAMIC_NO_PIC = NO;
				GCC_NO_COMMON_BLOCKS = YES;
				GCC_OPTIMIZATION_LEVEL = 0;
				GCC_PREPROCESSOR_DEFINITIONS = (
					"DEBUG=1",
					"$(inherited)",
				);
				GCC_WARN_64_TO_32_BIT_CONVERSION = YES;
				GCC_WARN_ABOUT_RETURN_TYPE = YES_ERROR;
				GCC_WARN_UNDECLARED_SELECTOR = YES;
				GCC_WARN_UNINITIALIZED_AUTOS = YES_AGGRESSIVE;
				GCC_WARN_UNUSED_FUNCTION = YES;
				GCC_WARN_UNUSED_VARIABLE = YES;
				IPHONEOS_DEPLOYMENT_TARGET = 17.4;
				LOCALIZATION_PREFERS_STRING_CATALOGS = YES;
				MTL_ENABLE_DEBUG_INFO = INCLUDE_SOURCE;
				MTL_FAST_MATH = YES;
				ONLY_ACTIVE_ARCH = YES;
				SDKROOT = iphoneos;
				SWIFT_ACTIVE_COMPILATION_CONDITIONS = "DEBUG $(inherited)";
				SWIFT_OPTIMIZATION_LEVEL = "-Onone";
			};
			name = Debug;
		};
		B047115A2BD040E100269921 /* Release */ = {
			isa = XCBuildConfiguration;
			buildSettings = {
				ALWAYS_SEARCH_USER_PATHS = NO;
				ASSETCATALOG_COMPILER_GENERATE_SWIFT_ASSET_SYMBOL_EXTENSIONS = YES;
				CLANG_ANALYZER_NONNULL = YES;
				CLANG_ANALYZER_NUMBER_OBJECT_CONVERSION = YES_AGGRESSIVE;
				CLANG_CXX_LANGUAGE_STANDARD = "gnu++20";
				CLANG_ENABLE_MODULES = YES;
				CLANG_ENABLE_OBJC_ARC = YES;
				CLANG_ENABLE_OBJC_WEAK = YES;
				CLANG_WARN_BLOCK_CAPTURE_AUTORELEASING = YES;
				CLANG_WARN_BOOL_CONVERSION = YES;
				CLANG_WARN_COMMA = YES;
				CLANG_WARN_CONSTANT_CONVERSION = YES;
				CLANG_WARN_DEPRECATED_OBJC_IMPLEMENTATIONS = YES;
				CLANG_WARN_DIRECT_OBJC_ISA_USAGE = YES_ERROR;
				CLANG_WARN_DOCUMENTATION_COMMENTS = YES;
				CLANG_WARN_EMPTY_BODY = YES;
				CLANG_WARN_ENUM_CONVERSION = YES;
				CLANG_WARN_INFINITE_RECURSION = YES;
				CLANG_WARN_INT_CONVERSION = YES;
				CLANG_WARN_NON_LITERAL_NULL_CONVERSION = YES;
				CLANG_WARN_OBJC_IMPLICIT_RETAIN_SELF = YES;
				CLANG_WARN_OBJC_LITERAL_CONVERSION = YES;
				CLANG_WARN_OBJC_ROOT_CLASS = YES_ERROR;
				CLANG_WARN_QUOTED_INCLUDE_IN_FRAMEWORK_HEADER = YES;
				CLANG_WARN_RANGE_LOOP_ANALYSIS = YES;
				CLANG_WARN_STRICT_PROTOTYPES = YES;
				CLANG_WARN_SUSPICIOUS_MOVE = YES;
				CLANG_WARN_UNGUARDED_AVAILABILITY = YES_AGGRESSIVE;
				CLANG_WARN_UNREACHABLE_CODE = YES;
				CLANG_WARN__DUPLICATE_METHOD_MATCH = YES;
				COPY_PHASE_STRIP = NO;
				DEBUG_INFORMATION_FORMAT = "dwarf-with-dsym";
				ENABLE_NS_ASSERTIONS = NO;
				ENABLE_STRICT_OBJC_MSGSEND = YES;
				ENABLE_USER_SCRIPT_SANDBOXING = YES;
				GCC_C_LANGUAGE_STANDARD = gnu17;
				GCC_NO_COMMON_BLOCKS = YES;
				GCC_WARN_64_TO_32_BIT_CONVERSION = YES;
				GCC_WARN_ABOUT_RETURN_TYPE = YES_ERROR;
				GCC_WARN_UNDECLARED_SELECTOR = YES;
				GCC_WARN_UNINITIALIZED_AUTOS = YES_AGGRESSIVE;
				GCC_WARN_UNUSED_FUNCTION = YES;
				GCC_WARN_UNUSED_VARIABLE = YES;
				IPHONEOS_DEPLOYMENT_TARGET = 17.4;
				LOCALIZATION_PREFERS_STRING_CATALOGS = YES;
				MTL_ENABLE_DEBUG_INFO = NO;
				MTL_FAST_MATH = YES;
				SDKROOT = iphoneos;
				SWIFT_COMPILATION_MODE = wholemodule;
				VALIDATE_PRODUCT = YES;
			};
			name = Release;
		};
		B047115C2BD040E100269921 /* Debug */ = {
			isa = XCBuildConfiguration;
			buildSettings = {
				ASSETCATALOG_COMPILER_APPICON_NAME = AppIcon;
				ASSETCATALOG_COMPILER_GLOBAL_ACCENT_COLOR_NAME = AccentColor;
				CODE_SIGN_IDENTITY = "Apple Development";
				"CODE_SIGN_IDENTITY[sdk=iphoneos*]" = "iPhone Developer";
				CODE_SIGN_STYLE = Manual;
				CURRENT_PROJECT_VERSION = 1;
				DEVELOPMENT_ASSET_PATHS = "\"signupform/Preview Content\"";
				DEVELOPMENT_TEAM = "";
				"DEVELOPMENT_TEAM[sdk=iphoneos*]" = ZQLDW5Q4FJ;
				ENABLE_PREVIEWS = YES;
				ENABLE_USER_SCRIPT_SANDBOXING = NO;
				GENERATE_INFOPLIST_FILE = YES;
				INFOPLIST_KEY_UIApplicationSceneManifest_Generation = YES;
				INFOPLIST_KEY_UIApplicationSupportsIndirectInputEvents = YES;
				INFOPLIST_KEY_UILaunchScreen_Generation = YES;
				INFOPLIST_KEY_UISupportedInterfaceOrientations = "UIInterfaceOrientationLandscapeLeft UIInterfaceOrientationLandscapeRight UIInterfaceOrientationPortrait";
				INFOPLIST_KEY_UISupportedInterfaceOrientations_iPad = "UIInterfaceOrientationLandscapeLeft UIInterfaceOrientationLandscapeRight UIInterfaceOrientationPortrait UIInterfaceOrientationPortraitUpsideDown";
				LD_RUNPATH_SEARCH_PATHS = (
					"$(inherited)",
					"@executable_path/Frameworks",
				);
				MARKETING_VERSION = 1.0;
				PRODUCT_BUNDLE_IDENTIFIER = com.gadielpaiz.signupform;
				PRODUCT_NAME = "$(TARGET_NAME)";
				PROVISIONING_PROFILE_SPECIFIER = "";
				"PROVISIONING_PROFILE_SPECIFIER[sdk=iphoneos*]" = "SignUpForm - Dev";
				SWIFT_EMIT_LOC_STRINGS = YES;
				SWIFT_VERSION = 5.0;
				TARGETED_DEVICE_FAMILY = "1,2";
			};
			name = Debug;
		};
		B047115D2BD040E100269921 /* Release */ = {
			isa = XCBuildConfiguration;
			buildSettings = {
				ASSETCATALOG_COMPILER_APPICON_NAME = AppIcon;
				ASSETCATALOG_COMPILER_GLOBAL_ACCENT_COLOR_NAME = AccentColor;
				CODE_SIGN_IDENTITY = "Apple Development";
				"CODE_SIGN_IDENTITY[sdk=iphoneos*]" = "iPhone Distribution";
				CODE_SIGN_STYLE = Manual;
				CURRENT_PROJECT_VERSION = 1;
				DEVELOPMENT_ASSET_PATHS = "\"signupform/Preview Content\"";
				DEVELOPMENT_TEAM = "";
				"DEVELOPMENT_TEAM[sdk=iphoneos*]" = ZQLDW5Q4FJ;
				ENABLE_PREVIEWS = YES;
				ENABLE_USER_SCRIPT_SANDBOXING = NO;
				GENERATE_INFOPLIST_FILE = YES;
				INFOPLIST_KEY_UIApplicationSceneManifest_Generation = YES;
				INFOPLIST_KEY_UIApplicationSupportsIndirectInputEvents = YES;
				INFOPLIST_KEY_UILaunchScreen_Generation = YES;
				INFOPLIST_KEY_UISupportedInterfaceOrientations = "UIInterfaceOrientationLandscapeLeft UIInterfaceOrientationLandscapeRight UIInterfaceOrientationPortrait";
				INFOPLIST_KEY_UISupportedInterfaceOrientations_iPad = "UIInterfaceOrientationLandscapeLeft UIInterfaceOrientationLandscapeRight UIInterfaceOrientationPortrait UIInterfaceOrientationPortraitUpsideDown";
				LD_RUNPATH_SEARCH_PATHS = (
					"$(inherited)",
					"@executable_path/Frameworks",
				);
				MARKETING_VERSION = 1.0;
				PRODUCT_BUNDLE_IDENTIFIER = com.gadielpaiz.signupform;
				PRODUCT_NAME = "$(TARGET_NAME)";
				PROVISIONING_PROFILE_SPECIFIER = "";
				"PROVISIONING_PROFILE_SPECIFIER[sdk=iphoneos*]" = "SignUpForm - Prod";
				SWIFT_EMIT_LOC_STRINGS = YES;
				SWIFT_VERSION = 5.0;
				TARGETED_DEVICE_FAMILY = "1,2";
			};
			name = Release;
		};
/* End XCBuildConfiguration section */

/* Begin XCConfigurationList section */
		B04711482BD040DF00269921 /* Build configuration list for PBXProject "signupform" */ = {
			isa = XCConfigurationList;
			buildConfigurations = (
				B04711592BD040E100269921 /* Debug */,
				B047115A2BD040E100269921 /* Release */,
			);
			defaultConfigurationIsVisible = 0;
			defaultConfigurationName = Release;
		};
		B047115B2BD040E100269921 /* Build configuration list for PBXNativeTarget "signupform" */ = {
			isa = XCConfigurationList;
			buildConfigurations = (
				B047115C2BD040E100269921 /* Debug */,
				B047115D2BD040E100269921 /* Release */,
			);
			defaultConfigurationIsVisible = 0;
			defaultConfigurationName = Release;
		};
/* End XCConfigurationList section */

/* Begin XCRemoteSwiftPackageReference section */
		B02822F62BFF9D430040CEE2 /* XCRemoteSwiftPackageReference "firebase-ios-sdk" */ = {
			isa = XCRemoteSwiftPackageReference;
			repositoryURL = "https://github.com/firebase/firebase-ios-sdk.git";
			requirement = {
				kind = upToNextMajorVersion;
				minimumVersion = 10.26.0;
			};
		};
/* End XCRemoteSwiftPackageReference section */

/* Begin XCSwiftPackageProductDependency section */
		B00C6BBE2C1163AB008EFF1E /* FirebaseAuth */ = {
			isa = XCSwiftPackageProductDependency;
			package = B02822F62BFF9D430040CEE2 /* XCRemoteSwiftPackageReference "firebase-ios-sdk" */;
			productName = FirebaseAuth;
		};
		B02822F72BFF9D430040CEE2 /* FirebaseAnalytics */ = {
			isa = XCSwiftPackageProductDependency;
			package = B02822F62BFF9D430040CEE2 /* XCRemoteSwiftPackageReference "firebase-ios-sdk" */;
			productName = FirebaseAnalytics;
		};
		B02822F92BFF9D430040CEE2 /* FirebaseCrashlytics */ = {
			isa = XCSwiftPackageProductDependency;
			package = B02822F62BFF9D430040CEE2 /* XCRemoteSwiftPackageReference "firebase-ios-sdk" */;
			productName = FirebaseCrashlytics;
		};
		B0B0851E2C14023900FBCE3D /* FirebaseFirestore */ = {
			isa = XCSwiftPackageProductDependency;
			package = B02822F62BFF9D430040CEE2 /* XCRemoteSwiftPackageReference "firebase-ios-sdk" */;
			productName = FirebaseFirestore;
		};
/* End XCSwiftPackageProductDependency section */
	};
	rootObject = B04711452BD040DF00269921 /* Project object */;
}
