// !$*UTF8*$!
{
	archiveVersion = 1;
	classes = {
	};
	objectVersion = 56;
	objects = {

/* Begin PBXBuildFile section */
		B003AB7E2BD1BA6D0016D428 /* ValidatingField.swift in Sources */ = {isa = PBXBuildFile; fileRef = B003AB7D2BD1BA6D0016D428 /* ValidatingField.swift */; };
		B003AB802BD1CBEF0016D428 /* ValidatingMessage.swift in Sources */ = {isa = PBXBuildFile; fileRef = B003AB7F2BD1CBEF0016D428 /* ValidatingMessage.swift */; };
		B003AB822BD1D4360016D428 /* ValidatingButton.swift in Sources */ = {isa = PBXBuildFile; fileRef = B003AB812BD1D4360016D428 /* ValidatingButton.swift */; };
		B04711512BD040DF00269921 /* signupformApp.swift in Sources */ = {isa = PBXBuildFile; fileRef = B04711502BD040DF00269921 /* signupformApp.swift */; };
		B04711552BD040E100269921 /* Assets.xcassets in Resources */ = {isa = PBXBuildFile; fileRef = B04711542BD040E100269921 /* Assets.xcassets */; };
		B04711582BD040E100269921 /* Preview Assets.xcassets in Resources */ = {isa = PBXBuildFile; fileRef = B04711572BD040E100269921 /* Preview Assets.xcassets */; };
		B04711602BD042DD00269921 /* SignUpView.swift in Sources */ = {isa = PBXBuildFile; fileRef = B047115F2BD042DD00269921 /* SignUpView.swift */; };
		B04711642BD04ACC00269921 /* FirebaseAnalytics in Frameworks */ = {isa = PBXBuildFile; productRef = B04711632BD04ACC00269921 /* FirebaseAnalytics */; };
		B04711662BD04ACC00269921 /* FirebaseCrashlytics in Frameworks */ = {isa = PBXBuildFile; productRef = B04711652BD04ACC00269921 /* FirebaseCrashlytics */; };
		B047116C2BD04B9000269921 /* AppDelegate.swift in Sources */ = {isa = PBXBuildFile; fileRef = B047116B2BD04B9000269921 /* AppDelegate.swift */; };
		B04711722BD05D5000269921 /* AnalitycsService.swift in Sources */ = {isa = PBXBuildFile; fileRef = B04711712BD05D5000269921 /* AnalitycsService.swift */; };
		B04711742BD05D6500269921 /* CrashlitycsService.swift in Sources */ = {isa = PBXBuildFile; fileRef = B04711732BD05D6500269921 /* CrashlitycsService.swift */; };
		B04711772BD06E6000269921 /* Validations.swift in Sources */ = {isa = PBXBuildFile; fileRef = B04711762BD06E6000269921 /* Validations.swift */; };
		B047117A2BD0754C00269921 /* SignUpViewModel.swift in Sources */ = {isa = PBXBuildFile; fileRef = B04711792BD0754C00269921 /* SignUpViewModel.swift */; };
		B0EEE1C82BD08FA900F44473 /* BackgroudView.swift in Sources */ = {isa = PBXBuildFile; fileRef = B0EEE1C72BD08FA900F44473 /* BackgroudView.swift */; };
		B0EEE1CB2BD09B7500F44473 /* GradientBorderStyle.swift in Sources */ = {isa = PBXBuildFile; fileRef = B0EEE1CA2BD09B7500F44473 /* GradientBorderStyle.swift */; };
		B0EEE1CD2BD09C7600F44473 /* GradientButtonStyle.swift in Sources */ = {isa = PBXBuildFile; fileRef = B0EEE1CC2BD09C7600F44473 /* GradientButtonStyle.swift */; };
/* End PBXBuildFile section */

/* Begin PBXFileReference section */
		B003AB7D2BD1BA6D0016D428 /* ValidatingField.swift */ = {isa = PBXFileReference; lastKnownFileType = sourcecode.swift; path = ValidatingField.swift; sourceTree = "<group>"; };
		B003AB7F2BD1CBEF0016D428 /* ValidatingMessage.swift */ = {isa = PBXFileReference; lastKnownFileType = sourcecode.swift; path = ValidatingMessage.swift; sourceTree = "<group>"; };
		B003AB812BD1D4360016D428 /* ValidatingButton.swift */ = {isa = PBXFileReference; lastKnownFileType = sourcecode.swift; path = ValidatingButton.swift; sourceTree = "<group>"; };
		B047114D2BD040DF00269921 /* signupform.app */ = {isa = PBXFileReference; explicitFileType = wrapper.application; includeInIndex = 0; path = signupform.app; sourceTree = BUILT_PRODUCTS_DIR; };
		B04711502BD040DF00269921 /* signupformApp.swift */ = {isa = PBXFileReference; lastKnownFileType = sourcecode.swift; path = signupformApp.swift; sourceTree = "<group>"; };
		B04711542BD040E100269921 /* Assets.xcassets */ = {isa = PBXFileReference; lastKnownFileType = folder.assetcatalog; path = Assets.xcassets; sourceTree = "<group>"; };
		B04711572BD040E100269921 /* Preview Assets.xcassets */ = {isa = PBXFileReference; lastKnownFileType = folder.assetcatalog; path = "Preview Assets.xcassets"; sourceTree = "<group>"; };
		B047115F2BD042DD00269921 /* SignUpView.swift */ = {isa = PBXFileReference; lastKnownFileType = sourcecode.swift; path = SignUpView.swift; sourceTree = "<group>"; };
		B047116B2BD04B9000269921 /* AppDelegate.swift */ = {isa = PBXFileReference; lastKnownFileType = sourcecode.swift; path = AppDelegate.swift; sourceTree = "<group>"; };
		B047116E2BD04DE300269921 /* GoogleService-Info.plist */ = {isa = PBXFileReference; lastKnownFileType = text.plist.xml; path = "GoogleService-Info.plist"; sourceTree = "<group>"; };
		B047116F2BD04E7D00269921 /* GoogleService-Info.plist */ = {isa = PBXFileReference; lastKnownFileType = text.plist.xml; path = "GoogleService-Info.plist"; sourceTree = "<group>"; };
		B04711712BD05D5000269921 /* AnalitycsService.swift */ = {isa = PBXFileReference; lastKnownFileType = sourcecode.swift; path = AnalitycsService.swift; sourceTree = "<group>"; };
		B04711732BD05D6500269921 /* CrashlitycsService.swift */ = {isa = PBXFileReference; lastKnownFileType = sourcecode.swift; path = CrashlitycsService.swift; sourceTree = "<group>"; };
		B04711762BD06E6000269921 /* Validations.swift */ = {isa = PBXFileReference; lastKnownFileType = sourcecode.swift; path = Validations.swift; sourceTree = "<group>"; };
		B04711792BD0754C00269921 /* SignUpViewModel.swift */ = {isa = PBXFileReference; lastKnownFileType = sourcecode.swift; path = SignUpViewModel.swift; sourceTree = "<group>"; };
		B0EEE1C72BD08FA900F44473 /* BackgroudView.swift */ = {isa = PBXFileReference; lastKnownFileType = sourcecode.swift; path = BackgroudView.swift; sourceTree = "<group>"; };
		B0EEE1CA2BD09B7500F44473 /* GradientBorderStyle.swift */ = {isa = PBXFileReference; lastKnownFileType = sourcecode.swift; path = GradientBorderStyle.swift; sourceTree = "<group>"; };
		B0EEE1CC2BD09C7600F44473 /* GradientButtonStyle.swift */ = {isa = PBXFileReference; lastKnownFileType = sourcecode.swift; path = GradientButtonStyle.swift; sourceTree = "<group>"; };
/* End PBXFileReference section */

/* Begin PBXFrameworksBuildPhase section */
		B047114A2BD040DF00269921 /* Frameworks */ = {
			isa = PBXFrameworksBuildPhase;
			buildActionMask = 2147483647;
			files = (
				B04711642BD04ACC00269921 /* FirebaseAnalytics in Frameworks */,
				B04711662BD04ACC00269921 /* FirebaseCrashlytics in Frameworks */,
			);
			runOnlyForDeploymentPostprocessing = 0;
		};
/* End PBXFrameworksBuildPhase section */

/* Begin PBXGroup section */
		B003AB7C2BD1BA570016D428 /* Component UI */ = {
			isa = PBXGroup;
			children = (
				B003AB7D2BD1BA6D0016D428 /* ValidatingField.swift */,
				B003AB7F2BD1CBEF0016D428 /* ValidatingMessage.swift */,
				B003AB812BD1D4360016D428 /* ValidatingButton.swift */,
			);
			name = "Component UI";
			path = "View/Component UI";
			sourceTree = "<group>";
		};
		B04711442BD040DF00269921 = {
			isa = PBXGroup;
			children = (
				B047114F2BD040DF00269921 /* signupform */,
				B047114E2BD040DF00269921 /* Products */,
			);
			sourceTree = "<group>";
		};
		B047114E2BD040DF00269921 /* Products */ = {
			isa = PBXGroup;
			children = (
				B047114D2BD040DF00269921 /* signupform.app */,
			);
			name = Products;
			sourceTree = "<group>";
		};
		B047114F2BD040DF00269921 /* signupform */ = {
			isa = PBXGroup;
			children = (
				B04711502BD040DF00269921 /* signupformApp.swift */,
				B047116B2BD04B9000269921 /* AppDelegate.swift */,
				B047115E2BD042C000269921 /* View */,
				B003AB7C2BD1BA570016D428 /* Component UI */,
				B04711782BD0753700269921 /* ViewModel */,
				B04711612BD04A3E00269921 /* Firebase */,
				B04711702BD05D1600269921 /* Service */,
				B0EEE1C92BD09B2400F44473 /* Style */,
				B04711752BD06E3E00269921 /* Utilies */,
				B04711542BD040E100269921 /* Assets.xcassets */,
				B04711562BD040E100269921 /* Preview Content */,
			);
			path = signupform;
			sourceTree = "<group>";
		};
		B04711562BD040E100269921 /* Preview Content */ = {
			isa = PBXGroup;
			children = (
				B04711572BD040E100269921 /* Preview Assets.xcassets */,
			);
			path = "Preview Content";
			sourceTree = "<group>";
		};
		B047115E2BD042C000269921 /* View */ = {
			isa = PBXGroup;
			children = (
				B047115F2BD042DD00269921 /* SignUpView.swift */,
				B0EEE1C72BD08FA900F44473 /* BackgroudView.swift */,
			);
			path = View;
			sourceTree = "<group>";
		};
		B04711612BD04A3E00269921 /* Firebase */ = {
			isa = PBXGroup;
			children = (
				B04711672BD04AE100269921 /* Debug */,
				B04711682BD04AEB00269921 /* Release */,
			);
			path = Firebase;
			sourceTree = "<group>";
		};
		B04711672BD04AE100269921 /* Debug */ = {
			isa = PBXGroup;
			children = (
				B047116E2BD04DE300269921 /* GoogleService-Info.plist */,
			);
			path = Debug;
			sourceTree = "<group>";
		};
		B04711682BD04AEB00269921 /* Release */ = {
			isa = PBXGroup;
			children = (
				B047116F2BD04E7D00269921 /* GoogleService-Info.plist */,
			);
			path = Release;
			sourceTree = "<group>";
		};
		B04711702BD05D1600269921 /* Service */ = {
			isa = PBXGroup;
			children = (
				B04711712BD05D5000269921 /* AnalitycsService.swift */,
				B04711732BD05D6500269921 /* CrashlitycsService.swift */,
			);
			path = Service;
			sourceTree = "<group>";
		};
		B04711752BD06E3E00269921 /* Utilies */ = {
			isa = PBXGroup;
			children = (
				B04711762BD06E6000269921 /* Validations.swift */,
			);
			path = Utilies;
			sourceTree = "<group>";
		};
		B04711782BD0753700269921 /* ViewModel */ = {
			isa = PBXGroup;
			children = (
				B04711792BD0754C00269921 /* SignUpViewModel.swift */,
			);
			path = ViewModel;
			sourceTree = "<group>";
		};
		B0EEE1C92BD09B2400F44473 /* Style */ = {
			isa = PBXGroup;
			children = (
				B0EEE1CA2BD09B7500F44473 /* GradientBorderStyle.swift */,
				B0EEE1CC2BD09C7600F44473 /* GradientButtonStyle.swift */,
			);
			path = Style;
			sourceTree = "<group>";
		};
/* End PBXGroup section */

/* Begin PBXNativeTarget section */
		B047114C2BD040DF00269921 /* signupform */ = {
			isa = PBXNativeTarget;
			buildConfigurationList = B047115B2BD040E100269921 /* Build configuration list for PBXNativeTarget "signupform" */;
			buildPhases = (
				B047116D2BD04C6200269921 /* Firebase Configuratiton */,
				B04711492BD040DF00269921 /* Sources */,
				B047114A2BD040DF00269921 /* Frameworks */,
				B047114B2BD040DF00269921 /* Resources */,
			);
			buildRules = (
			);
			dependencies = (
			);
			name = signupform;
			packageProductDependencies = (
				B04711632BD04ACC00269921 /* FirebaseAnalytics */,
				B04711652BD04ACC00269921 /* FirebaseCrashlytics */,
			);
			productName = signupform;
			productReference = B047114D2BD040DF00269921 /* signupform.app */;
			productType = "com.apple.product-type.application";
		};
/* End PBXNativeTarget section */

/* Begin PBXProject section */
		B04711452BD040DF00269921 /* Project object */ = {
			isa = PBXProject;
			attributes = {
				BuildIndependentTargetsInParallel = 1;
				LastSwiftUpdateCheck = 1530;
				LastUpgradeCheck = 1530;
				TargetAttributes = {
					B047114C2BD040DF00269921 = {
						CreatedOnToolsVersion = 15.3;
					};
				};
			};
			buildConfigurationList = B04711482BD040DF00269921 /* Build configuration list for PBXProject "signupform" */;
			compatibilityVersion = "Xcode 14.0";
			developmentRegion = en;
			hasScannedForEncodings = 0;
			knownRegions = (
				en,
				Base,
			);
			mainGroup = B04711442BD040DF00269921;
			packageReferences = (
				B04711622BD04ACC00269921 /* XCRemoteSwiftPackageReference "firebase-ios-sdk" */,
			);
			productRefGroup = B047114E2BD040DF00269921 /* Products */;
			projectDirPath = "";
			projectRoot = "";
			targets = (
				B047114C2BD040DF00269921 /* signupform */,
			);
		};
/* End PBXProject section */

/* Begin PBXResourcesBuildPhase section */
		B047114B2BD040DF00269921 /* Resources */ = {
			isa = PBXResourcesBuildPhase;
			buildActionMask = 2147483647;
			files = (
				B04711582BD040E100269921 /* Preview Assets.xcassets in Resources */,
				B04711552BD040E100269921 /* Assets.xcassets in Resources */,
			);
			runOnlyForDeploymentPostprocessing = 0;
		};
/* End PBXResourcesBuildPhase section */

/* Begin PBXShellScriptBuildPhase section */
		B047116D2BD04C6200269921 /* Firebase Configuratiton */ = {
			isa = PBXShellScriptBuildPhase;
			alwaysOutOfDate = 1;
			buildActionMask = 2147483647;
			files = (
			);
			inputFileListPaths = (
			);
			inputPaths = (
			);
			name = "Firebase Configuratiton";
			outputFileListPaths = (
			);
			outputPaths = (
			);
			runOnlyForDeploymentPostprocessing = 0;
			shellPath = /bin/sh;
			shellScript = "INFO_PLIST=GoogleService-Info.plist\nDEVELOPMENT_INFO_PLIST=${PROJECT_DIR}/${TARGET_NAME}/Firebase/Debug/${INFO_PLIST}\nRELEASE_INFO_PLIST=${PROJECT_DIR}/${TARGET_NAME}/Firebase/Release/${INFO_PLIST}\n\necho \"Verifying ${INFO_PLIST} in ${DEVELOPMENT_INFO_PLIST}\"\nif [ ! -f $DEVELOPMENT_INFO_PLIST ] ; then\n    echo \"Development GoogleService-Info.plist not found.\"\n    exit 1\nfi\n\necho \"Verifying ${INFO_PLIST} in ${RELEASE_INFO_PLIST}\"\nif [ ! -f $RELEASE_INFO_PLIST ] ; then\n    echo \"Release GoogleService-Info.plist not found.\"\n    exit 1\nfi\n\nPLIST_DESTINATION=${BUILT_PRODUCTS_DIR}/${PRODUCT_NAME}.app\necho \"Copying ${INFO_PLIST} to final destination: ${PLIST_DESTINATION}\"\n\nif [ \"${CONFIGURATION}\" == \"Release\" ] ; then\n    echo \"Copied ${RELEASE_INFO_PLIST}.\"\n    cp \"${RELEASE_INFO_PLIST}\" \"${PLIST_DESTINATION}\"\nelse\n    echo \"Copied ${DEVELOPMENT_INFO_PLIST}.\"\n    cp \"${DEVELOPMENT_INFO_PLIST}\" \"${PLIST_DESTINATION}\"\nfi\n";
		};
/* End PBXShellScriptBuildPhase section */

/* Begin PBXSourcesBuildPhase section */
		B04711492BD040DF00269921 /* Sources */ = {
			isa = PBXSourcesBuildPhase;
			buildActionMask = 2147483647;
			files = (
				B047116C2BD04B9000269921 /* AppDelegate.swift in Sources */,
				B0EEE1CD2BD09C7600F44473 /* GradientButtonStyle.swift in Sources */,
				B003AB802BD1CBEF0016D428 /* ValidatingMessage.swift in Sources */,
				B003AB822BD1D4360016D428 /* ValidatingButton.swift in Sources */,
				B04711602BD042DD00269921 /* SignUpView.swift in Sources */,
				B04711722BD05D5000269921 /* AnalitycsService.swift in Sources */,
				B04711512BD040DF00269921 /* signupformApp.swift in Sources */,
				B0EEE1C82BD08FA900F44473 /* BackgroudView.swift in Sources */,
				B04711772BD06E6000269921 /* Validations.swift in Sources */,
				B04711742BD05D6500269921 /* CrashlitycsService.swift in Sources */,
				B003AB7E2BD1BA6D0016D428 /* ValidatingField.swift in Sources */,
				B0EEE1CB2BD09B7500F44473 /* GradientBorderStyle.swift in Sources */,
				B047117A2BD0754C00269921 /* SignUpViewModel.swift in Sources */,
			);
			runOnlyForDeploymentPostprocessing = 0;
		};
/* End PBXSourcesBuildPhase section */

/* Begin XCBuildConfiguration section */
		B04711592BD040E100269921 /* Debug */ = {
			isa = XCBuildConfiguration;
			buildSettings = {
				ALWAYS_SEARCH_USER_PATHS = NO;
				ASSETCATALOG_COMPILER_GENERATE_SWIFT_ASSET_SYMBOL_EXTENSIONS = YES;
				CLANG_ANALYZER_NONNULL = YES;
				CLANG_ANALYZER_NUMBER_OBJECT_CONVERSION = YES_AGGRESSIVE;
				CLANG_CXX_LANGUAGE_STANDARD = "gnu++20";
				CLANG_ENABLE_MODULES = YES;
				CLANG_ENABLE_OBJC_ARC = YES;
				CLANG_ENABLE_OBJC_WEAK = YES;
				CLANG_WARN_BLOCK_CAPTURE_AUTORELEASING = YES;
				CLANG_WARN_BOOL_CONVERSION = YES;
				CLANG_WARN_COMMA = YES;
				CLANG_WARN_CONSTANT_CONVERSION = YES;
				CLANG_WARN_DEPRECATED_OBJC_IMPLEMENTATIONS = YES;
				CLANG_WARN_DIRECT_OBJC_ISA_USAGE = YES_ERROR;
				CLANG_WARN_DOCUMENTATION_COMMENTS = YES;
				CLANG_WARN_EMPTY_BODY = YES;
				CLANG_WARN_ENUM_CONVERSION = YES;
				CLANG_WARN_INFINITE_RECURSION = YES;
				CLANG_WARN_INT_CONVERSION = YES;
				CLANG_WARN_NON_LITERAL_NULL_CONVERSION = YES;
				CLANG_WARN_OBJC_IMPLICIT_RETAIN_SELF = YES;
				CLANG_WARN_OBJC_LITERAL_CONVERSION = YES;
				CLANG_WARN_OBJC_ROOT_CLASS = YES_ERROR;
				CLANG_WARN_QUOTED_INCLUDE_IN_FRAMEWORK_HEADER = YES;
				CLANG_WARN_RANGE_LOOP_ANALYSIS = YES;
				CLANG_WARN_STRICT_PROTOTYPES = YES;
				CLANG_WARN_SUSPICIOUS_MOVE = YES;
				CLANG_WARN_UNGUARDED_AVAILABILITY = YES_AGGRESSIVE;
				CLANG_WARN_UNREACHABLE_CODE = YES;
				CLANG_WARN__DUPLICATE_METHOD_MATCH = YES;
				COPY_PHASE_STRIP = NO;
				DEBUG_INFORMATION_FORMAT = dwarf;
				ENABLE_STRICT_OBJC_MSGSEND = YES;
				ENABLE_TESTABILITY = YES;
				ENABLE_USER_SCRIPT_SANDBOXING = YES;
				GCC_C_LANGUAGE_STANDARD = gnu17;
				GCC_DYNAMIC_NO_PIC = NO;
				GCC_NO_COMMON_BLOCKS = YES;
				GCC_OPTIMIZATION_LEVEL = 0;
				GCC_PREPROCESSOR_DEFINITIONS = (
					"DEBUG=1",
					"$(inherited)",
				);
				GCC_WARN_64_TO_32_BIT_CONVERSION = YES;
				GCC_WARN_ABOUT_RETURN_TYPE = YES_ERROR;
				GCC_WARN_UNDECLARED_SELECTOR = YES;
				GCC_WARN_UNINITIALIZED_AUTOS = YES_AGGRESSIVE;
				GCC_WARN_UNUSED_FUNCTION = YES;
				GCC_WARN_UNUSED_VARIABLE = YES;
				IPHONEOS_DEPLOYMENT_TARGET = 17.4;
				LOCALIZATION_PREFERS_STRING_CATALOGS = YES;
				MTL_ENABLE_DEBUG_INFO = INCLUDE_SOURCE;
				MTL_FAST_MATH = YES;
				ONLY_ACTIVE_ARCH = YES;
				SDKROOT = iphoneos;
				SWIFT_ACTIVE_COMPILATION_CONDITIONS = "DEBUG $(inherited)";
				SWIFT_OPTIMIZATION_LEVEL = "-Onone";
			};
			name = Debug;
		};
		B047115A2BD040E100269921 /* Release */ = {
			isa = XCBuildConfiguration;
			buildSettings = {
				ALWAYS_SEARCH_USER_PATHS = NO;
				ASSETCATALOG_COMPILER_GENERATE_SWIFT_ASSET_SYMBOL_EXTENSIONS = YES;
				CLANG_ANALYZER_NONNULL = YES;
				CLANG_ANALYZER_NUMBER_OBJECT_CONVERSION = YES_AGGRESSIVE;
				CLANG_CXX_LANGUAGE_STANDARD = "gnu++20";
				CLANG_ENABLE_MODULES = YES;
				CLANG_ENABLE_OBJC_ARC = YES;
				CLANG_ENABLE_OBJC_WEAK = YES;
				CLANG_WARN_BLOCK_CAPTURE_AUTORELEASING = YES;
				CLANG_WARN_BOOL_CONVERSION = YES;
				CLANG_WARN_COMMA = YES;
				CLANG_WARN_CONSTANT_CONVERSION = YES;
				CLANG_WARN_DEPRECATED_OBJC_IMPLEMENTATIONS = YES;
				CLANG_WARN_DIRECT_OBJC_ISA_USAGE = YES_ERROR;
				CLANG_WARN_DOCUMENTATION_COMMENTS = YES;
				CLANG_WARN_EMPTY_BODY = YES;
				CLANG_WARN_ENUM_CONVERSION = YES;
				CLANG_WARN_INFINITE_RECURSION = YES;
				CLANG_WARN_INT_CONVERSION = YES;
				CLANG_WARN_NON_LITERAL_NULL_CONVERSION = YES;
				CLANG_WARN_OBJC_IMPLICIT_RETAIN_SELF = YES;
				CLANG_WARN_OBJC_LITERAL_CONVERSION = YES;
				CLANG_WARN_OBJC_ROOT_CLASS = YES_ERROR;
				CLANG_WARN_QUOTED_INCLUDE_IN_FRAMEWORK_HEADER = YES;
				CLANG_WARN_RANGE_LOOP_ANALYSIS = YES;
				CLANG_WARN_STRICT_PROTOTYPES = YES;
				CLANG_WARN_SUSPICIOUS_MOVE = YES;
				CLANG_WARN_UNGUARDED_AVAILABILITY = YES_AGGRESSIVE;
				CLANG_WARN_UNREACHABLE_CODE = YES;
				CLANG_WARN__DUPLICATE_METHOD_MATCH = YES;
				COPY_PHASE_STRIP = NO;
				DEBUG_INFORMATION_FORMAT = "dwarf-with-dsym";
				ENABLE_NS_ASSERTIONS = NO;
				ENABLE_STRICT_OBJC_MSGSEND = YES;
				ENABLE_USER_SCRIPT_SANDBOXING = YES;
				GCC_C_LANGUAGE_STANDARD = gnu17;
				GCC_NO_COMMON_BLOCKS = YES;
				GCC_WARN_64_TO_32_BIT_CONVERSION = YES;
				GCC_WARN_ABOUT_RETURN_TYPE = YES_ERROR;
				GCC_WARN_UNDECLARED_SELECTOR = YES;
				GCC_WARN_UNINITIALIZED_AUTOS = YES_AGGRESSIVE;
				GCC_WARN_UNUSED_FUNCTION = YES;
				GCC_WARN_UNUSED_VARIABLE = YES;
				IPHONEOS_DEPLOYMENT_TARGET = 17.4;
				LOCALIZATION_PREFERS_STRING_CATALOGS = YES;
				MTL_ENABLE_DEBUG_INFO = NO;
				MTL_FAST_MATH = YES;
				SDKROOT = iphoneos;
				SWIFT_COMPILATION_MODE = wholemodule;
				VALIDATE_PRODUCT = YES;
			};
			name = Release;
		};
		B047115C2BD040E100269921 /* Debug */ = {
			isa = XCBuildConfiguration;
			buildSettings = {
				ASSETCATALOG_COMPILER_APPICON_NAME = AppIcon;
				ASSETCATALOG_COMPILER_GLOBAL_ACCENT_COLOR_NAME = AccentColor;
				"CODE_SIGN_IDENTITY[sdk=iphoneos*]" = "iPhone Developer";
				CODE_SIGN_STYLE = Manual;
				CURRENT_PROJECT_VERSION = 1;
				DEVELOPMENT_ASSET_PATHS = "\"signupform/Preview Content\"";
				DEVELOPMENT_TEAM = "";
				"DEVELOPMENT_TEAM[sdk=iphoneos*]" = ZQLDW5Q4FJ;
				ENABLE_PREVIEWS = YES;
				ENABLE_USER_SCRIPT_SANDBOXING = NO;
				GENERATE_INFOPLIST_FILE = YES;
				INFOPLIST_KEY_UIApplicationSceneManifest_Generation = YES;
				INFOPLIST_KEY_UIApplicationSupportsIndirectInputEvents = YES;
				INFOPLIST_KEY_UILaunchScreen_Generation = YES;
				INFOPLIST_KEY_UISupportedInterfaceOrientations_iPad = "UIInterfaceOrientationPortrait UIInterfaceOrientationPortraitUpsideDown UIInterfaceOrientationLandscapeLeft UIInterfaceOrientationLandscapeRight";
				INFOPLIST_KEY_UISupportedInterfaceOrientations_iPhone = "UIInterfaceOrientationPortrait UIInterfaceOrientationLandscapeLeft UIInterfaceOrientationLandscapeRight";
				LD_RUNPATH_SEARCH_PATHS = (
					"$(inherited)",
					"@executable_path/Frameworks",
				);
				MARKETING_VERSION = 1.0;
				PRODUCT_BUNDLE_IDENTIFIER = com.gadielpaiz.signupform;
				PRODUCT_NAME = "$(TARGET_NAME)";
				PROVISIONING_PROFILE_SPECIFIER = "";
				"PROVISIONING_PROFILE_SPECIFIER[sdk=iphoneos*]" = "SignUp-Form-Dev";
				SWIFT_EMIT_LOC_STRINGS = YES;
				SWIFT_VERSION = 5.0;
				TARGETED_DEVICE_FAMILY = "1,2";
			};
			name = Debug;
		};
		B047115D2BD040E100269921 /* Release */ = {
			isa = XCBuildConfiguration;
			buildSettings = {
				ASSETCATALOG_COMPILER_APPICON_NAME = AppIcon;
				ASSETCATALOG_COMPILER_GLOBAL_ACCENT_COLOR_NAME = AccentColor;
				"CODE_SIGN_IDENTITY[sdk=iphoneos*]" = "iPhone Distribution";
				CODE_SIGN_STYLE = Manual;
				CURRENT_PROJECT_VERSION = 1;
				DEVELOPMENT_ASSET_PATHS = "\"signupform/Preview Content\"";
				DEVELOPMENT_TEAM = "";
				"DEVELOPMENT_TEAM[sdk=iphoneos*]" = ZQLDW5Q4FJ;
				ENABLE_PREVIEWS = YES;
				ENABLE_USER_SCRIPT_SANDBOXING = NO;
				GENERATE_INFOPLIST_FILE = YES;
				INFOPLIST_KEY_UIApplicationSceneManifest_Generation = YES;
				INFOPLIST_KEY_UIApplicationSupportsIndirectInputEvents = YES;
				INFOPLIST_KEY_UILaunchScreen_Generation = YES;
				INFOPLIST_KEY_UISupportedInterfaceOrientations_iPad = "UIInterfaceOrientationPortrait UIInterfaceOrientationPortraitUpsideDown UIInterfaceOrientationLandscapeLeft UIInterfaceOrientationLandscapeRight";
				INFOPLIST_KEY_UISupportedInterfaceOrientations_iPhone = "UIInterfaceOrientationPortrait UIInterfaceOrientationLandscapeLeft UIInterfaceOrientationLandscapeRight";
				LD_RUNPATH_SEARCH_PATHS = (
					"$(inherited)",
					"@executable_path/Frameworks",
				);
				MARKETING_VERSION = 1.0;
				PRODUCT_BUNDLE_IDENTIFIER = com.gadielpaiz.signupform;
				PRODUCT_NAME = "$(TARGET_NAME)";
				PROVISIONING_PROFILE_SPECIFIER = "";
				"PROVISIONING_PROFILE_SPECIFIER[sdk=iphoneos*]" = "SignUp-Form-Prod";
				SWIFT_EMIT_LOC_STRINGS = YES;
				SWIFT_VERSION = 5.0;
				TARGETED_DEVICE_FAMILY = "1,2";
			};
			name = Release;
		};
/* End XCBuildConfiguration section */

/* Begin XCConfigurationList section */
		B04711482BD040DF00269921 /* Build configuration list for PBXProject "signupform" */ = {
			isa = XCConfigurationList;
			buildConfigurations = (
				B04711592BD040E100269921 /* Debug */,
				B047115A2BD040E100269921 /* Release */,
			);
			defaultConfigurationIsVisible = 0;
			defaultConfigurationName = Release;
		};
		B047115B2BD040E100269921 /* Build configuration list for PBXNativeTarget "signupform" */ = {
			isa = XCConfigurationList;
			buildConfigurations = (
				B047115C2BD040E100269921 /* Debug */,
				B047115D2BD040E100269921 /* Release */,
			);
			defaultConfigurationIsVisible = 0;
			defaultConfigurationName = Release;
		};
/* End XCConfigurationList section */

/* Begin XCRemoteSwiftPackageReference section */
		B04711622BD04ACC00269921 /* XCRemoteSwiftPackageReference "firebase-ios-sdk" */ = {
			isa = XCRemoteSwiftPackageReference;
			repositoryURL = "https://github.com/firebase/firebase-ios-sdk.git";
			requirement = {
				kind = upToNextMajorVersion;
				minimumVersion = 10.24.0;
			};
		};
/* End XCRemoteSwiftPackageReference section */

/* Begin XCSwiftPackageProductDependency section */
		B04711632BD04ACC00269921 /* FirebaseAnalytics */ = {
			isa = XCSwiftPackageProductDependency;
			package = B04711622BD04ACC00269921 /* XCRemoteSwiftPackageReference "firebase-ios-sdk" */;
			productName = FirebaseAnalytics;
		};
		B04711652BD04ACC00269921 /* FirebaseCrashlytics */ = {
			isa = XCSwiftPackageProductDependency;
			package = B04711622BD04ACC00269921 /* XCRemoteSwiftPackageReference "firebase-ios-sdk" */;
			productName = FirebaseCrashlytics;
		};
/* End XCSwiftPackageProductDependency section */
	};
	rootObject = B04711452BD040DF00269921 /* Project object */;
}
